
Microsoft Visual Studio Solution File, Format Version 12.00
# Visual Studio 2013
VisualStudioVersion = 12.0.21005.1
MinimumVisualStudioVersion = 10.0.40219.1
Project("{8BC9CEB8-8B4A-11D0-8D11-00A0C91BC942}") = "Contact_1.1.0 -- 通讯录", "Contact_1.1.0 -- 通讯录\Contact_1.1.0 -- 通讯录.vcxproj", "{BAD9659F-AD3E-4ECF-B35B-CD2D142DE7EE}"
EndProject
Global
	GlobalSection(SolutionConfigurationPlatforms) = preSolution
		Debug|Win32 = Debug|Win32
		Release|Win32 = Release|Win32
	EndGlobalSection
	GlobalSection(ProjectConfigurationPlatforms) = postSolution
		{BAD9659F-AD3E-4ECF-B35B-CD2D142DE7EE}.Debug|Win32.ActiveCfg = Debug|Win32
		{BAD9659F-AD3E-4ECF-B35B-CD2D142DE7EE}.Debug|Win32.Build.0 = Debug|Win32
		{BAD9659F-AD3E-4ECF-B35B-CD2D142DE7EE}.Release|Win32.ActiveCfg = Release|Win32
		{BAD9659F-AD3E-4ECF-B35B-CD2D142DE7EE}.Release|Win32.Build.0 = Release|Win32
	EndGlobalSection
	GlobalSection(SolutionProperties) = preSolution
		HideSolutionNode = FALSE
	EndGlobalSection
EndGlobal
